// !$*UTF8*$!
{
	archiveVersion = 1;
	classes = {
	};
	objectVersion = 77;
	objects = {

/* Begin PBXBuildFile section */
		03A2853D9B0FE203D7358BCD /* BiometricsDataSource.swift in Sources */ = {isa = PBXBuildFile; fileRef = 681E8F36221891F65AF47D43 /* BiometricsDataSource.swift */; };
		12F1A7FB6D1B2F2A0B02AEE1 /* Currency.swift in Sources */ = {isa = PBXBuildFile; fileRef = AC0BCC75A0EFD4759095C557 /* Currency.swift */; };
		1B184D67B97857BBC6B57A64 /* AdvanceFromSplashUseCase.swift in Sources */ = {isa = PBXBuildFile; fileRef = F98A029D9D24CBEBE816D84F /* AdvanceFromSplashUseCase.swift */; };
		1DE8D142AB70FB3EBD125306 /* HomeViewModel.swift in Sources */ = {isa = PBXBuildFile; fileRef = A0744F4B7970FBFE9A8C4DB8 /* HomeViewModel.swift */; };
		20A629F8B5CFC8FA369210A0 /* AppTheme.swift in Sources */ = {isa = PBXBuildFile; fileRef = BE460D61C330E7798926CC32 /* AppTheme.swift */; };
		23A96D674167308D114B9AD5 /* DependencyContainer.swift in Sources */ = {isa = PBXBuildFile; fileRef = 72AE9E6A207C4CD4540489C9 /* DependencyContainer.swift */; };
		2948646C1824D2B5CCD402AD /* LocalBiometricsDataSource.swift in Sources */ = {isa = PBXBuildFile; fileRef = 7D4D51577D76521BEB56A268 /* LocalBiometricsDataSource.swift */; };
		2C1FCC2B55F672AD0318D4BA /* SplashView.swift in Sources */ = {isa = PBXBuildFile; fileRef = 29FE62A06758BFD04C2FFBE1 /* SplashView.swift */; };
		30D744219D96F9401D182A80 /* MockSessionRepository.swift in Sources */ = {isa = PBXBuildFile; fileRef = AB67F41E9C8D32886C0CFDC5 /* MockSessionRepository.swift */; };
		35252800F3BCEB5AA933CE7F /* AuthenticateUseCaseTests.swift in Sources */ = {isa = PBXBuildFile; fileRef = 40FC1F90EF3FACB6EF3311C7 /* AuthenticateUseCaseTests.swift */; };
		3D5B326FE41E009A1763D533 /* SignOutUseCase.swift in Sources */ = {isa = PBXBuildFile; fileRef = 0440FAA86F393D21A1BF9176 /* SignOutUseCase.swift */; };
		3F288873B02EE2353199B992 /* LoginView.swift in Sources */ = {isa = PBXBuildFile; fileRef = E3640EB69183473536EB61D1 /* LoginView.swift */; };
		430D44014FEB2C86B5F111C9 /* UVRadius.swift in Sources */ = {isa = PBXBuildFile; fileRef = 538121236CB36B30D4CAC2B6 /* UVRadius.swift */; };
		43AB596E8F02FD5619372205 /* ShimmerBar.swift in Sources */ = {isa = PBXBuildFile; fileRef = 98186CA14E924EBFC12317CD /* ShimmerBar.swift */; };
		4CC2E8D20CC584A14984E674 /* UVTypography.swift in Sources */ = {isa = PBXBuildFile; fileRef = 7A1EAF33F9FA817C0BA176C4 /* UVTypography.swift */; };
		508E0014DF0E9D2E05EA3F47 /* UVColors.swift in Sources */ = {isa = PBXBuildFile; fileRef = 2C33F74A36AF89DA5A2AD6AA /* UVColors.swift */; };
		5755370A8FED8B4381367B53 /* LoginViewModel.swift in Sources */ = {isa = PBXBuildFile; fileRef = A3E185146B2A0679E613C327 /* LoginViewModel.swift */; };
		5F31E4A496EBD4ABEACF6AB1 /* GetCurrentPhaseUseCase.swift in Sources */ = {isa = PBXBuildFile; fileRef = 2661BD412EE857C8E252B6ED /* GetCurrentPhaseUseCase.swift */; };
		6472BF826E63A166D491B256 /* SessionRepository.swift in Sources */ = {isa = PBXBuildFile; fileRef = 5F7208EE9B001A1ACDBA7BFB /* SessionRepository.swift */; };
		64A68ABAA1B1C1E18E64AF16 /* LoginViewModelTests.swift in Sources */ = {isa = PBXBuildFile; fileRef = 97C174B1FAFA2DC33BB4EA56 /* LoginViewModelTests.swift */; };
		6935D76A69433A31DC46B1C6 /* UginMark.swift in Sources */ = {isa = PBXBuildFile; fileRef = 32845AB67AEC9F17C0A38241 /* UginMark.swift */; };
		6D9DE2C052D12681C78A2494 /* MockAuthRepository.swift in Sources */ = {isa = PBXBuildFile; fileRef = 561406F4D85343AE2D7569A7 /* MockAuthRepository.swift */; };
		6E9822A72F41A5C16146F2DE /* SplashViewModelTests.swift in Sources */ = {isa = PBXBuildFile; fileRef = 3216608EB36204E2AC3B15A3 /* SplashViewModelTests.swift */; };
		6EAC8C8956B1E09EAD011981 /* AuthRepository.swift in Sources */ = {isa = PBXBuildFile; fileRef = D06AE670C378E1558B650CB0 /* AuthRepository.swift */; };
		7AA0AAAA642CF0E4CD47FBEC /* Assets.xcassets in Resources */ = {isa = PBXBuildFile; fileRef = C500078D3638AF3DDBAA10C9 /* Assets.xcassets */; };
		81D75306AADC3E03A96E2D72 /* RootViewModel.swift in Sources */ = {isa = PBXBuildFile; fileRef = D97F5A435A7AFCAAA9236A14 /* RootViewModel.swift */; };
		8DC36E66DD629F6E282ED087 /* AuthOutcome.swift in Sources */ = {isa = PBXBuildFile; fileRef = 008CD0348B33CE24B25872D3 /* AuthOutcome.swift */; };
		9696FF06410F01FA18F74CCA /* SessionStorageDataSource.swift in Sources */ = {isa = PBXBuildFile; fileRef = E81C16036DB6EB019212AFB2 /* SessionStorageDataSource.swift */; };
		98C957936BC1062C8D372933 /* MockSessionStorage.swift in Sources */ = {isa = PBXBuildFile; fileRef = 92FB0E89608EAA7D54FB9F57 /* MockSessionStorage.swift */; };
		9B2C2C1AAA0CBC0376D0B6D8 /* GetCurrentPhaseUseCaseTests.swift in Sources */ = {isa = PBXBuildFile; fileRef = 888928878B0A6FC470CC1E59 /* GetCurrentPhaseUseCaseTests.swift */; };
		9F3F80E9663F78A14E764FB2 /* HomeView.swift in Sources */ = {isa = PBXBuildFile; fileRef = FC2DC6B057156A6BD0716DA3 /* HomeView.swift */; };
		A1D2A576D3137CC4F16CEC8C /* AppTheme+ColorScheme.swift in Sources */ = {isa = PBXBuildFile; fileRef = D1E40E87CDD1B1A3D1ACD31B /* AppTheme+ColorScheme.swift */; };
		A4EBA8D695D608D82ED663D2 /* SplashViewModel.swift in Sources */ = {isa = PBXBuildFile; fileRef = 371EC3A6828D765DA2192949 /* SplashViewModel.swift */; };
		A681B8B2E131810D14C9528A /* UserDefaultsSessionStorage.swift in Sources */ = {isa = PBXBuildFile; fileRef = CFCFB3DA46448E4815631CF1 /* UserDefaultsSessionStorage.swift */; };
		AE2B93CB5FE5B1481934FB35 /* MockBiometricsDataSource.swift in Sources */ = {isa = PBXBuildFile; fileRef = 8B7498C9D88299DA4D83BC46 /* MockBiometricsDataSource.swift */; };
		AE2C074E8A91FC496A8E8872 /* UginsVaultApp.swift in Sources */ = {isa = PBXBuildFile; fileRef = 97BB29F0E8DFB1CE7D2F5912 /* UginsVaultApp.swift */; };
		BD1B1EB7C0E4AF57D3D080A3 /* RootView.swift in Sources */ = {isa = PBXBuildFile; fileRef = E6A23D4883264D6F06E74902 /* RootView.swift */; };
		C02015C1E54C620E8683EC6B /* AuthRepositoryTests.swift in Sources */ = {isa = PBXBuildFile; fileRef = BE279253848B6EE8FB725726 /* AuthRepositoryTests.swift */; };
		C3C39F11306D3EF0C1D634FD /* AuthenticateUseCase.swift in Sources */ = {isa = PBXBuildFile; fileRef = C85847DB0B39B77E5902CA34 /* AuthenticateUseCase.swift */; };
		D1F319CFEA55136043A75435 /* AdvanceFromSplashUseCaseTests.swift in Sources */ = {isa = PBXBuildFile; fileRef = 8B919F0DA26D2A0D0C095D3A /* AdvanceFromSplashUseCaseTests.swift */; };
		DBE9D10BB0E5039F90811524 /* HomeViewModelTests.swift in Sources */ = {isa = PBXBuildFile; fileRef = 3D1380D4FC2C8350DB85D819 /* HomeViewModelTests.swift */; };
		DEA29B9D77E1D02AB6F55772 /* UserDefaultsSessionRepository.swift in Sources */ = {isa = PBXBuildFile; fileRef = 5A3C7C2C422CCFA85708E2CF /* UserDefaultsSessionRepository.swift */; };
		DEEA7CA6F7F580A2BF50ECF1 /* LocalAuthRepository.swift in Sources */ = {isa = PBXBuildFile; fileRef = 7140589A3B2F92B6620CD235 /* LocalAuthRepository.swift */; };
		E0BF279F4B1621930E8FD6F3 /* RootViewModelTests.swift in Sources */ = {isa = PBXBuildFile; fileRef = D2944A85044C1A10C3B0D836 /* RootViewModelTests.swift */; };
		E66361098ED43FBBEF3F85A2 /* Preview Assets.xcassets in Resources */ = {isa = PBXBuildFile; fileRef = 9BA8273B66057AE761446B48 /* Preview Assets.xcassets */; };
		F2407CF3302090EA536D195A /* SessionRepositoryTests.swift in Sources */ = {isa = PBXBuildFile; fileRef = 65E36B52668540EAF2505692 /* SessionRepositoryTests.swift */; };
		FD14524C781F56BAAB971238 /* AppPhase.swift in Sources */ = {isa = PBXBuildFile; fileRef = C8D8A6C250B91C27F4E42ECA /* AppPhase.swift */; };
/* End PBXBuildFile section */

/* Begin PBXContainerItemProxy section */
		0255296E26F4DF7ED1D56016 /* PBXContainerItemProxy */ = {
			isa = PBXContainerItemProxy;
			containerPortal = C1F05409326D849BD7ADF9BB /* Project object */;
			proxyType = 1;
			remoteGlobalIDString = E10A3DE764F00D6274A73DC1;
			remoteInfo = UginsVault;
		};
/* End PBXContainerItemProxy section */

/* Begin PBXFileReference section */
		008CD0348B33CE24B25872D3 /* AuthOutcome.swift */ = {isa = PBXFileReference; lastKnownFileType = sourcecode.swift; path = AuthOutcome.swift; sourceTree = "<group>"; };
		0440FAA86F393D21A1BF9176 /* SignOutUseCase.swift */ = {isa = PBXFileReference; lastKnownFileType = sourcecode.swift; path = SignOutUseCase.swift; sourceTree = "<group>"; };
		2661BD412EE857C8E252B6ED /* GetCurrentPhaseUseCase.swift */ = {isa = PBXFileReference; lastKnownFileType = sourcecode.swift; path = GetCurrentPhaseUseCase.swift; sourceTree = "<group>"; };
		29FE62A06758BFD04C2FFBE1 /* SplashView.swift */ = {isa = PBXFileReference; lastKnownFileType = sourcecode.swift; path = SplashView.swift; sourceTree = "<group>"; };
		2C33F74A36AF89DA5A2AD6AA /* UVColors.swift */ = {isa = PBXFileReference; lastKnownFileType = sourcecode.swift; path = UVColors.swift; sourceTree = "<group>"; };
		3216608EB36204E2AC3B15A3 /* SplashViewModelTests.swift */ = {isa = PBXFileReference; lastKnownFileType = sourcecode.swift; path = SplashViewModelTests.swift; sourceTree = "<group>"; };
		32845AB67AEC9F17C0A38241 /* UginMark.swift */ = {isa = PBXFileReference; lastKnownFileType = sourcecode.swift; path = UginMark.swift; sourceTree = "<group>"; };
		371EC3A6828D765DA2192949 /* SplashViewModel.swift */ = {isa = PBXFileReference; lastKnownFileType = sourcecode.swift; path = SplashViewModel.swift; sourceTree = "<group>"; };
		3D1380D4FC2C8350DB85D819 /* HomeViewModelTests.swift */ = {isa = PBXFileReference; lastKnownFileType = sourcecode.swift; path = HomeViewModelTests.swift; sourceTree = "<group>"; };
		3DE1358AD226C96D9BA1B04E /* UginsVault.app */ = {isa = PBXFileReference; includeInIndex = 0; lastKnownFileType = wrapper.application; path = UginsVault.app; sourceTree = BUILT_PRODUCTS_DIR; };
		40FC1F90EF3FACB6EF3311C7 /* AuthenticateUseCaseTests.swift */ = {isa = PBXFileReference; lastKnownFileType = sourcecode.swift; path = AuthenticateUseCaseTests.swift; sourceTree = "<group>"; };
		538121236CB36B30D4CAC2B6 /* UVRadius.swift */ = {isa = PBXFileReference; lastKnownFileType = sourcecode.swift; path = UVRadius.swift; sourceTree = "<group>"; };
		561406F4D85343AE2D7569A7 /* MockAuthRepository.swift */ = {isa = PBXFileReference; lastKnownFileType = sourcecode.swift; path = MockAuthRepository.swift; sourceTree = "<group>"; };
		5A3C7C2C422CCFA85708E2CF /* UserDefaultsSessionRepository.swift */ = {isa = PBXFileReference; lastKnownFileType = sourcecode.swift; path = UserDefaultsSessionRepository.swift; sourceTree = "<group>"; };
		5F7208EE9B001A1ACDBA7BFB /* SessionRepository.swift */ = {isa = PBXFileReference; lastKnownFileType = sourcecode.swift; path = SessionRepository.swift; sourceTree = "<group>"; };
		65E36B52668540EAF2505692 /* SessionRepositoryTests.swift */ = {isa = PBXFileReference; lastKnownFileType = sourcecode.swift; path = SessionRepositoryTests.swift; sourceTree = "<group>"; };
		681E8F36221891F65AF47D43 /* BiometricsDataSource.swift */ = {isa = PBXFileReference; lastKnownFileType = sourcecode.swift; path = BiometricsDataSource.swift; sourceTree = "<group>"; };
		7140589A3B2F92B6620CD235 /* LocalAuthRepository.swift */ = {isa = PBXFileReference; lastKnownFileType = sourcecode.swift; path = LocalAuthRepository.swift; sourceTree = "<group>"; };
		72AE9E6A207C4CD4540489C9 /* DependencyContainer.swift */ = {isa = PBXFileReference; lastKnownFileType = sourcecode.swift; path = DependencyContainer.swift; sourceTree = "<group>"; };
		7A1EAF33F9FA817C0BA176C4 /* UVTypography.swift */ = {isa = PBXFileReference; lastKnownFileType = sourcecode.swift; path = UVTypography.swift; sourceTree = "<group>"; };
		7D4D51577D76521BEB56A268 /* LocalBiometricsDataSource.swift */ = {isa = PBXFileReference; lastKnownFileType = sourcecode.swift; path = LocalBiometricsDataSource.swift; sourceTree = "<group>"; };
		888928878B0A6FC470CC1E59 /* GetCurrentPhaseUseCaseTests.swift */ = {isa = PBXFileReference; lastKnownFileType = sourcecode.swift; path = GetCurrentPhaseUseCaseTests.swift; sourceTree = "<group>"; };
		8B7498C9D88299DA4D83BC46 /* MockBiometricsDataSource.swift */ = {isa = PBXFileReference; lastKnownFileType = sourcecode.swift; path = MockBiometricsDataSource.swift; sourceTree = "<group>"; };
		8B919F0DA26D2A0D0C095D3A /* AdvanceFromSplashUseCaseTests.swift */ = {isa = PBXFileReference; lastKnownFileType = sourcecode.swift; path = AdvanceFromSplashUseCaseTests.swift; sourceTree = "<group>"; };
		92FB0E89608EAA7D54FB9F57 /* MockSessionStorage.swift */ = {isa = PBXFileReference; lastKnownFileType = sourcecode.swift; path = MockSessionStorage.swift; sourceTree = "<group>"; };
		97BB29F0E8DFB1CE7D2F5912 /* UginsVaultApp.swift */ = {isa = PBXFileReference; lastKnownFileType = sourcecode.swift; path = UginsVaultApp.swift; sourceTree = "<group>"; };
		97C174B1FAFA2DC33BB4EA56 /* LoginViewModelTests.swift */ = {isa = PBXFileReference; lastKnownFileType = sourcecode.swift; path = LoginViewModelTests.swift; sourceTree = "<group>"; };
		98186CA14E924EBFC12317CD /* ShimmerBar.swift */ = {isa = PBXFileReference; lastKnownFileType = sourcecode.swift; path = ShimmerBar.swift; sourceTree = "<group>"; };
		9BA8273B66057AE761446B48 /* Preview Assets.xcassets */ = {isa = PBXFileReference; lastKnownFileType = folder.assetcatalog; path = "Preview Assets.xcassets"; sourceTree = "<group>"; };
		A0744F4B7970FBFE9A8C4DB8 /* HomeViewModel.swift */ = {isa = PBXFileReference; lastKnownFileType = sourcecode.swift; path = HomeViewModel.swift; sourceTree = "<group>"; };
		A0B0F784BF50CED0F3B365CF /* UginsVaultTests.xctest */ = {isa = PBXFileReference; includeInIndex = 0; lastKnownFileType = wrapper.cfbundle; path = UginsVaultTests.xctest; sourceTree = BUILT_PRODUCTS_DIR; };
		A3E185146B2A0679E613C327 /* LoginViewModel.swift */ = {isa = PBXFileReference; lastKnownFileType = sourcecode.swift; path = LoginViewModel.swift; sourceTree = "<group>"; };
		AB67F41E9C8D32886C0CFDC5 /* MockSessionRepository.swift */ = {isa = PBXFileReference; lastKnownFileType = sourcecode.swift; path = MockSessionRepository.swift; sourceTree = "<group>"; };
		AC0BCC75A0EFD4759095C557 /* Currency.swift */ = {isa = PBXFileReference; lastKnownFileType = sourcecode.swift; path = Currency.swift; sourceTree = "<group>"; };
		BE279253848B6EE8FB725726 /* AuthRepositoryTests.swift */ = {isa = PBXFileReference; lastKnownFileType = sourcecode.swift; path = AuthRepositoryTests.swift; sourceTree = "<group>"; };
		BE460D61C330E7798926CC32 /* AppTheme.swift */ = {isa = PBXFileReference; lastKnownFileType = sourcecode.swift; path = AppTheme.swift; sourceTree = "<group>"; };
		C500078D3638AF3DDBAA10C9 /* Assets.xcassets */ = {isa = PBXFileReference; lastKnownFileType = folder.assetcatalog; path = Assets.xcassets; sourceTree = "<group>"; };
		C85847DB0B39B77E5902CA34 /* AuthenticateUseCase.swift */ = {isa = PBXFileReference; lastKnownFileType = sourcecode.swift; path = AuthenticateUseCase.swift; sourceTree = "<group>"; };
		C8D8A6C250B91C27F4E42ECA /* AppPhase.swift */ = {isa = PBXFileReference; lastKnownFileType = sourcecode.swift; path = AppPhase.swift; sourceTree = "<group>"; };
		CFCFB3DA46448E4815631CF1 /* UserDefaultsSessionStorage.swift */ = {isa = PBXFileReference; lastKnownFileType = sourcecode.swift; path = UserDefaultsSessionStorage.swift; sourceTree = "<group>"; };
		D06AE670C378E1558B650CB0 /* AuthRepository.swift */ = {isa = PBXFileReference; lastKnownFileType = sourcecode.swift; path = AuthRepository.swift; sourceTree = "<group>"; };
		D1E40E87CDD1B1A3D1ACD31B /* AppTheme+ColorScheme.swift */ = {isa = PBXFileReference; lastKnownFileType = sourcecode.swift; path = "AppTheme+ColorScheme.swift"; sourceTree = "<group>"; };
		D2944A85044C1A10C3B0D836 /* RootViewModelTests.swift */ = {isa = PBXFileReference; lastKnownFileType = sourcecode.swift; path = RootViewModelTests.swift; sourceTree = "<group>"; };
		D97F5A435A7AFCAAA9236A14 /* RootViewModel.swift */ = {isa = PBXFileReference; lastKnownFileType = sourcecode.swift; path = RootViewModel.swift; sourceTree = "<group>"; };
		E3640EB69183473536EB61D1 /* LoginView.swift */ = {isa = PBXFileReference; lastKnownFileType = sourcecode.swift; path = LoginView.swift; sourceTree = "<group>"; };
		E6A23D4883264D6F06E74902 /* RootView.swift */ = {isa = PBXFileReference; lastKnownFileType = sourcecode.swift; path = RootView.swift; sourceTree = "<group>"; };
		E81C16036DB6EB019212AFB2 /* SessionStorageDataSource.swift */ = {isa = PBXFileReference; lastKnownFileType = sourcecode.swift; path = SessionStorageDataSource.swift; sourceTree = "<group>"; };
		F98A029D9D24CBEBE816D84F /* AdvanceFromSplashUseCase.swift */ = {isa = PBXFileReference; lastKnownFileType = sourcecode.swift; path = AdvanceFromSplashUseCase.swift; sourceTree = "<group>"; };
		FC2DC6B057156A6BD0716DA3 /* HomeView.swift */ = {isa = PBXFileReference; lastKnownFileType = sourcecode.swift; path = HomeView.swift; sourceTree = "<group>"; };
/* End PBXFileReference section */

/* Begin PBXGroup section */
		01E065ED76C8EFF235E9F2A4 /* login */ = {
			isa = PBXGroup;
			children = (
				97C174B1FAFA2DC33BB4EA56 /* LoginViewModelTests.swift */,
			);
			path = login;
			sourceTree = "<group>";
		};
		026581841A6609D4F599F635 /* UginsVaultTests */ = {
			isa = PBXGroup;
			children = (
				28B4E7C79DF5CF0E3DE6C7A5 /* data */,
				F27D62CFDD21B660DDC9139C /* domain */,
				60F8E42BA47C9A170C5112CE /* feature */,
				D78307B5DAA7BFD367E7AC40 /* mocks */,
			);
			path = UginsVaultTests;
			sourceTree = "<group>";
		};
		144FA4AC68325F541D17A64E /* datasources */ = {
			isa = PBXGroup;
			children = (
				2D31E93B7C8DBC2422F34B0F /* local */,
				C1AC75624A12BFEE463B922F /* protocols */,
			);
			path = datasources;
			sourceTree = "<group>";
		};
		28B4E7C79DF5CF0E3DE6C7A5 /* data */ = {
			isa = PBXGroup;
			children = (
				307C8B2EC5A7E61B7FD2E3AF /* repositories */,
			);
			path = data;
			sourceTree = "<group>";
		};
		2D31E93B7C8DBC2422F34B0F /* local */ = {
			isa = PBXGroup;
			children = (
				7D4D51577D76521BEB56A268 /* LocalBiometricsDataSource.swift */,
				CFCFB3DA46448E4815631CF1 /* UserDefaultsSessionStorage.swift */,
			);
			path = local;
			sourceTree = "<group>";
		};
		307C8B2EC5A7E61B7FD2E3AF /* repositories */ = {
			isa = PBXGroup;
			children = (
				BE279253848B6EE8FB725726 /* AuthRepositoryTests.swift */,
				65E36B52668540EAF2505692 /* SessionRepositoryTests.swift */,
			);
			path = repositories;
			sourceTree = "<group>";
		};
		35479E3546927DE97B2862E3 /* Features */ = {
			isa = PBXGroup;
			children = (
				E064C2010DC20DA99A932318 /* Home */,
				7EDE5CD5DBB5F159131E12CC /* Login */,
				6DED51D0A482018523C3607F /* Root */,
				418868B1782D046ECE049BE9 /* Splash */,
			);
			path = Features;
			sourceTree = "<group>";
		};
		35C38A43BA20D27F64D0FCC7 /* useCases */ = {
			isa = PBXGroup;
			children = (
				F98A029D9D24CBEBE816D84F /* AdvanceFromSplashUseCase.swift */,
				C85847DB0B39B77E5902CA34 /* AuthenticateUseCase.swift */,
				2661BD412EE857C8E252B6ED /* GetCurrentPhaseUseCase.swift */,
				0440FAA86F393D21A1BF9176 /* SignOutUseCase.swift */,
			);
			path = useCases;
			sourceTree = "<group>";
		};
		3689D6A4E5B58316E86FB0DF /* DesignSystem */ = {
			isa = PBXGroup;
			children = (
				98186CA14E924EBFC12317CD /* ShimmerBar.swift */,
				32845AB67AEC9F17C0A38241 /* UginMark.swift */,
			);
			path = DesignSystem;
			sourceTree = "<group>";
		};
		418868B1782D046ECE049BE9 /* Splash */ = {
			isa = PBXGroup;
			children = (
				29FE62A06758BFD04C2FFBE1 /* SplashView.swift */,
				371EC3A6828D765DA2192949 /* SplashViewModel.swift */,
			);
			path = Splash;
			sourceTree = "<group>";
		};
		60F8E42BA47C9A170C5112CE /* feature */ = {
			isa = PBXGroup;
			children = (
				ECAF8C5151551CE8F90D1707 /* home */,
				01E065ED76C8EFF235E9F2A4 /* login */,
				E3C556E0B01556569FC912FE /* root */,
				B56ECBBA53428D73ABF9F2DC /* splash */,
			);
			path = feature;
			sourceTree = "<group>";
		};
		655FD441A86D0044CBFDFCEC = {
			isa = PBXGroup;
			children = (
				74F87982F84372EB81E6482F /* UginsVault */,
				026581841A6609D4F599F635 /* UginsVaultTests */,
				8F9B43A660757B1E99EE6915 /* Products */,
			);
			sourceTree = "<group>";
		};
		6DED51D0A482018523C3607F /* Root */ = {
			isa = PBXGroup;
			children = (
				E6A23D4883264D6F06E74902 /* RootView.swift */,
				D97F5A435A7AFCAAA9236A14 /* RootViewModel.swift */,
			);
			path = Root;
			sourceTree = "<group>";
		};
		707071D31EC56A83D28228F5 /* Repositories */ = {
			isa = PBXGroup;
			children = (
				D06AE670C378E1558B650CB0 /* AuthRepository.swift */,
				5F7208EE9B001A1ACDBA7BFB /* SessionRepository.swift */,
			);
			path = Repositories;
			sourceTree = "<group>";
		};
		707423539226F93C7D912538 /* App */ = {
			isa = PBXGroup;
			children = (
				97BB29F0E8DFB1CE7D2F5912 /* UginsVaultApp.swift */,
			);
			path = App;
			sourceTree = "<group>";
		};
		74F87982F84372EB81E6482F /* UginsVault */ = {
			isa = PBXGroup;
			children = (
				C500078D3638AF3DDBAA10C9 /* Assets.xcassets */,
				707423539226F93C7D912538 /* App */,
				82AE4BF4CCAB5BBC7D751E48 /* Composition */,
				D679C1CB32BB96E2ECB8BE79 /* data */,
				A86C19AAABED9FF18008F992 /* domain */,
				AEC30912CC68BF702F0B8424 /* Presentation */,
				7DACF2AC277EFDABE6DC640A /* Preview Content */,
			);
			path = UginsVault;
			sourceTree = "<group>";
		};
		7DACF2AC277EFDABE6DC640A /* Preview Content */ = {
			isa = PBXGroup;
			children = (
				9BA8273B66057AE761446B48 /* Preview Assets.xcassets */,
			);
			path = "Preview Content";
			sourceTree = "<group>";
		};
		7EDE5CD5DBB5F159131E12CC /* Login */ = {
			isa = PBXGroup;
			children = (
				E3640EB69183473536EB61D1 /* LoginView.swift */,
				A3E185146B2A0679E613C327 /* LoginViewModel.swift */,
			);
			path = Login;
			sourceTree = "<group>";
		};
		82AE4BF4CCAB5BBC7D751E48 /* Composition */ = {
			isa = PBXGroup;
			children = (
				72AE9E6A207C4CD4540489C9 /* DependencyContainer.swift */,
			);
			path = Composition;
			sourceTree = "<group>";
		};
		8F9B43A660757B1E99EE6915 /* Products */ = {
			isa = PBXGroup;
			children = (
				3DE1358AD226C96D9BA1B04E /* UginsVault.app */,
				A0B0F784BF50CED0F3B365CF /* UginsVaultTests.xctest */,
			);
			name = Products;
			sourceTree = "<group>";
		};
		A42BDD2FD5E18B8B2589FE57 /* Theme */ = {
			isa = PBXGroup;
			children = (
				D1E40E87CDD1B1A3D1ACD31B /* AppTheme+ColorScheme.swift */,
				2C33F74A36AF89DA5A2AD6AA /* UVColors.swift */,
				538121236CB36B30D4CAC2B6 /* UVRadius.swift */,
				7A1EAF33F9FA817C0BA176C4 /* UVTypography.swift */,
			);
			path = Theme;
			sourceTree = "<group>";
		};
		A86C19AAABED9FF18008F992 /* domain */ = {
			isa = PBXGroup;
			children = (
				E70E80410509DB5181206582 /* entities */,
				707071D31EC56A83D28228F5 /* Repositories */,
				35C38A43BA20D27F64D0FCC7 /* useCases */,
			);
			path = domain;
			sourceTree = "<group>";
		};
		AEC30912CC68BF702F0B8424 /* Presentation */ = {
			isa = PBXGroup;
			children = (
				3689D6A4E5B58316E86FB0DF /* DesignSystem */,
				35479E3546927DE97B2862E3 /* Features */,
				A42BDD2FD5E18B8B2589FE57 /* Theme */,
			);
			path = Presentation;
			sourceTree = "<group>";
		};
		B56ECBBA53428D73ABF9F2DC /* splash */ = {
			isa = PBXGroup;
			children = (
				3216608EB36204E2AC3B15A3 /* SplashViewModelTests.swift */,
			);
			path = splash;
			sourceTree = "<group>";
		};
		C1AC75624A12BFEE463B922F /* protocols */ = {
			isa = PBXGroup;
			children = (
				681E8F36221891F65AF47D43 /* BiometricsDataSource.swift */,
				E81C16036DB6EB019212AFB2 /* SessionStorageDataSource.swift */,
			);
			path = protocols;
			sourceTree = "<group>";
		};
		D679C1CB32BB96E2ECB8BE79 /* data */ = {
			isa = PBXGroup;
			children = (
				144FA4AC68325F541D17A64E /* datasources */,
				FAED7E92C5FB0B5B6F45AB82 /* repositories */,
			);
			path = data;
			sourceTree = "<group>";
		};
		D78307B5DAA7BFD367E7AC40 /* mocks */ = {
			isa = PBXGroup;
			children = (
				561406F4D85343AE2D7569A7 /* MockAuthRepository.swift */,
				8B7498C9D88299DA4D83BC46 /* MockBiometricsDataSource.swift */,
				AB67F41E9C8D32886C0CFDC5 /* MockSessionRepository.swift */,
				92FB0E89608EAA7D54FB9F57 /* MockSessionStorage.swift */,
			);
			path = mocks;
			sourceTree = "<group>";
		};
		E064C2010DC20DA99A932318 /* Home */ = {
			isa = PBXGroup;
			children = (
				FC2DC6B057156A6BD0716DA3 /* HomeView.swift */,
				A0744F4B7970FBFE9A8C4DB8 /* HomeViewModel.swift */,
			);
			path = Home;
			sourceTree = "<group>";
		};
		E3C556E0B01556569FC912FE /* root */ = {
			isa = PBXGroup;
			children = (
				D2944A85044C1A10C3B0D836 /* RootViewModelTests.swift */,
			);
			path = root;
			sourceTree = "<group>";
		};
		E70E80410509DB5181206582 /* entities */ = {
			isa = PBXGroup;
			children = (
				C8D8A6C250B91C27F4E42ECA /* AppPhase.swift */,
				BE460D61C330E7798926CC32 /* AppTheme.swift */,
				008CD0348B33CE24B25872D3 /* AuthOutcome.swift */,
				AC0BCC75A0EFD4759095C557 /* Currency.swift */,
			);
			path = entities;
			sourceTree = "<group>";
		};
		ECAF8C5151551CE8F90D1707 /* home */ = {
			isa = PBXGroup;
			children = (
				3D1380D4FC2C8350DB85D819 /* HomeViewModelTests.swift */,
			);
			path = home;
			sourceTree = "<group>";
		};
		F27D62CFDD21B660DDC9139C /* domain */ = {
			isa = PBXGroup;
			children = (
				F35808D4B4538F8C27DBA0D0 /* useCases */,
			);
			path = domain;
			sourceTree = "<group>";
		};
		F35808D4B4538F8C27DBA0D0 /* useCases */ = {
			isa = PBXGroup;
			children = (
				8B919F0DA26D2A0D0C095D3A /* AdvanceFromSplashUseCaseTests.swift */,
				40FC1F90EF3FACB6EF3311C7 /* AuthenticateUseCaseTests.swift */,
				888928878B0A6FC470CC1E59 /* GetCurrentPhaseUseCaseTests.swift */,
			);
			path = useCases;
			sourceTree = "<group>";
		};
		FAED7E92C5FB0B5B6F45AB82 /* repositories */ = {
			isa = PBXGroup;
			children = (
				7140589A3B2F92B6620CD235 /* LocalAuthRepository.swift */,
				5A3C7C2C422CCFA85708E2CF /* UserDefaultsSessionRepository.swift */,
			);
			path = repositories;
			sourceTree = "<group>";
		};
/* End PBXGroup section */

/* Begin PBXNativeTarget section */
		7FC924EAF831D559B0531C5F /* UginsVaultTests */ = {
			isa = PBXNativeTarget;
			buildConfigurationList = BF2A53EAC22CC48F661D2ED1 /* Build configuration list for PBXNativeTarget "UginsVaultTests" */;
			buildPhases = (
				7B42D1754F74D227B83F9221 /* Sources */,
			);
			buildRules = (
			);
			dependencies = (
				3E0815B461092D33D9A99D22 /* PBXTargetDependency */,
			);
			name = UginsVaultTests;
			packageProductDependencies = (
			);
			productName = UginsVaultTests;
			productReference = A0B0F784BF50CED0F3B365CF /* UginsVaultTests.xctest */;
			productType = "com.apple.product-type.bundle.unit-test";
		};
		E10A3DE764F00D6274A73DC1 /* UginsVault */ = {
			isa = PBXNativeTarget;
			buildConfigurationList = BCB564FC520E603F3748E1A8 /* Build configuration list for PBXNativeTarget "UginsVault" */;
			buildPhases = (
				DF4E8CFEC42BE8026AA30916 /* Sources */,
				5CB589B0F087037A05210C60 /* Resources */,
			);
			buildRules = (
			);
			dependencies = (
			);
			name = UginsVault;
			packageProductDependencies = (
			);
			productName = UginsVault;
			productReference = 3DE1358AD226C96D9BA1B04E /* UginsVault.app */;
			productType = "com.apple.product-type.application";
		};
/* End PBXNativeTarget section */

/* Begin PBXProject section */
		C1F05409326D849BD7ADF9BB /* Project object */ = {
			isa = PBXProject;
			attributes = {
				BuildIndependentTargetsInParallel = YES;
				LastUpgradeCheck = 2650;
				TargetAttributes = {
				};
			};
			buildConfigurationList = CD9CF7814AD5ECC49AA46A29 /* Build configuration list for PBXProject "UginsVault" */;
			developmentRegion = en;
			hasScannedForEncodings = 0;
			knownRegions = (
				Base,
				en,
			);
			mainGroup = 655FD441A86D0044CBFDFCEC;
			minimizedProjectReferenceProxies = 1;
			preferredProjectObjectVersion = 77;
			productRefGroup = 8F9B43A660757B1E99EE6915 /* Products */;
			projectDirPath = "";
			projectRoot = "";
			targets = (
				E10A3DE764F00D6274A73DC1 /* UginsVault */,
				7FC924EAF831D559B0531C5F /* UginsVaultTests */,
			);
		};
/* End PBXProject section */

/* Begin PBXResourcesBuildPhase section */
		5CB589B0F087037A05210C60 /* Resources */ = {
			isa = PBXResourcesBuildPhase;
			buildActionMask = 2147483647;
			files = (
				7AA0AAAA642CF0E4CD47FBEC /* Assets.xcassets in Resources */,
				E66361098ED43FBBEF3F85A2 /* Preview Assets.xcassets in Resources */,
			);
			runOnlyForDeploymentPostprocessing = 0;
		};
/* End PBXResourcesBuildPhase section */

/* Begin PBXSourcesBuildPhase section */
		7B42D1754F74D227B83F9221 /* Sources */ = {
			isa = PBXSourcesBuildPhase;
			buildActionMask = 2147483647;
			files = (
				D1F319CFEA55136043A75435 /* AdvanceFromSplashUseCaseTests.swift in Sources */,
				C02015C1E54C620E8683EC6B /* AuthRepositoryTests.swift in Sources */,
				35252800F3BCEB5AA933CE7F /* AuthenticateUseCaseTests.swift in Sources */,
				9B2C2C1AAA0CBC0376D0B6D8 /* GetCurrentPhaseUseCaseTests.swift in Sources */,
				DBE9D10BB0E5039F90811524 /* HomeViewModelTests.swift in Sources */,
				64A68ABAA1B1C1E18E64AF16 /* LoginViewModelTests.swift in Sources */,
				6D9DE2C052D12681C78A2494 /* MockAuthRepository.swift in Sources */,
				AE2B93CB5FE5B1481934FB35 /* MockBiometricsDataSource.swift in Sources */,
				30D744219D96F9401D182A80 /* MockSessionRepository.swift in Sources */,
				98C957936BC1062C8D372933 /* MockSessionStorage.swift in Sources */,
				E0BF279F4B1621930E8FD6F3 /* RootViewModelTests.swift in Sources */,
				F2407CF3302090EA536D195A /* SessionRepositoryTests.swift in Sources */,
				6E9822A72F41A5C16146F2DE /* SplashViewModelTests.swift in Sources */,
			);
			runOnlyForDeploymentPostprocessing = 0;
		};
		DF4E8CFEC42BE8026AA30916 /* Sources */ = {
			isa = PBXSourcesBuildPhase;
			buildActionMask = 2147483647;
			files = (
				1B184D67B97857BBC6B57A64 /* AdvanceFromSplashUseCase.swift in Sources */,
				FD14524C781F56BAAB971238 /* AppPhase.swift in Sources */,
				A1D2A576D3137CC4F16CEC8C /* AppTheme+ColorScheme.swift in Sources */,
				20A629F8B5CFC8FA369210A0 /* AppTheme.swift in Sources */,
				8DC36E66DD629F6E282ED087 /* AuthOutcome.swift in Sources */,
				6EAC8C8956B1E09EAD011981 /* AuthRepository.swift in Sources */,
				C3C39F11306D3EF0C1D634FD /* AuthenticateUseCase.swift in Sources */,
				03A2853D9B0FE203D7358BCD /* BiometricsDataSource.swift in Sources */,
				12F1A7FB6D1B2F2A0B02AEE1 /* Currency.swift in Sources */,
				23A96D674167308D114B9AD5 /* DependencyContainer.swift in Sources */,
				5F31E4A496EBD4ABEACF6AB1 /* GetCurrentPhaseUseCase.swift in Sources */,
				9F3F80E9663F78A14E764FB2 /* HomeView.swift in Sources */,
				1DE8D142AB70FB3EBD125306 /* HomeViewModel.swift in Sources */,
				DEEA7CA6F7F580A2BF50ECF1 /* LocalAuthRepository.swift in Sources */,
				2948646C1824D2B5CCD402AD /* LocalBiometricsDataSource.swift in Sources */,
				3F288873B02EE2353199B992 /* LoginView.swift in Sources */,
				5755370A8FED8B4381367B53 /* LoginViewModel.swift in Sources */,
				BD1B1EB7C0E4AF57D3D080A3 /* RootView.swift in Sources */,
				81D75306AADC3E03A96E2D72 /* RootViewModel.swift in Sources */,
				6472BF826E63A166D491B256 /* SessionRepository.swift in Sources */,
				9696FF06410F01FA18F74CCA /* SessionStorageDataSource.swift in Sources */,
				43AB596E8F02FD5619372205 /* ShimmerBar.swift in Sources */,
				3D5B326FE41E009A1763D533 /* SignOutUseCase.swift in Sources */,
				2C1FCC2B55F672AD0318D4BA /* SplashView.swift in Sources */,
				A4EBA8D695D608D82ED663D2 /* SplashViewModel.swift in Sources */,
				508E0014DF0E9D2E05EA3F47 /* UVColors.swift in Sources */,
				430D44014FEB2C86B5F111C9 /* UVRadius.swift in Sources */,
				4CC2E8D20CC584A14984E674 /* UVTypography.swift in Sources */,
				6935D76A69433A31DC46B1C6 /* UginMark.swift in Sources */,
				AE2C074E8A91FC496A8E8872 /* UginsVaultApp.swift in Sources */,
				DEA29B9D77E1D02AB6F55772 /* UserDefaultsSessionRepository.swift in Sources */,
				A681B8B2E131810D14C9528A /* UserDefaultsSessionStorage.swift in Sources */,
			);
			runOnlyForDeploymentPostprocessing = 0;
		};
/* End PBXSourcesBuildPhase section */

/* Begin PBXTargetDependency section */
		3E0815B461092D33D9A99D22 /* PBXTargetDependency */ = {
			isa = PBXTargetDependency;
			target = E10A3DE764F00D6274A73DC1 /* UginsVault */;
			targetProxy = 0255296E26F4DF7ED1D56016 /* PBXContainerItemProxy */;
		};
/* End PBXTargetDependency section */

/* Begin XCBuildConfiguration section */
		3428C7D16F284A513664A3B4 /* Release */ = {
			isa = XCBuildConfiguration;
			buildSettings = {
				ASSETCATALOG_COMPILER_APPICON_NAME = AppIcon;
				ASSETCATALOG_COMPILER_GLOBAL_ACCENT_COLOR_NAME = AccentColor;
				CODE_SIGN_IDENTITY = "iPhone Developer";
				DEVELOPMENT_ASSET_PATHS = "\"UginsVault/Preview Content\"";
				ENABLE_PREVIEWS = YES;
				GENERATE_INFOPLIST_FILE = YES;
				INFOPLIST_KEY_NSFaceIDUsageDescription = "Unlock your vault with Face ID.";
				INFOPLIST_KEY_UIApplicationSceneManifest_Generation = YES;
				INFOPLIST_KEY_UIApplicationSupportsIndirectInputEvents = YES;
				INFOPLIST_KEY_UILaunchScreen_Generation = YES;
				INFOPLIST_KEY_UISupportedInterfaceOrientations_iPad = "UIInterfaceOrientationPortrait UIInterfaceOrientationPortraitUpsideDown UIInterfaceOrientationLandscapeLeft UIInterfaceOrientationLandscapeRight";
				INFOPLIST_KEY_UISupportedInterfaceOrientations_iPhone = "UIInterfaceOrientationPortrait UIInterfaceOrientationLandscapeLeft UIInterfaceOrientationLandscapeRight";
				LD_RUNPATH_SEARCH_PATHS = (
					"$(inherited)",
					"@executable_path/Frameworks",
				);
				PRODUCT_BUNDLE_IDENTIFIER = com.matiasmaddonni.uginsvault;
				SDKROOT = iphoneos;
				SUPPORTED_PLATFORMS = "iphonesimulator iphoneos";
				SUPPORTS_MACCATALYST = NO;
				TARGETED_DEVICE_FAMILY = "1,2";
			};
			name = Release;
		};
		8119B9999CDC343DC400DC8D /* Debug */ = {
			isa = XCBuildConfiguration;
			buildSettings = {
				ASSETCATALOG_COMPILER_APPICON_NAME = AppIcon;
				ASSETCATALOG_COMPILER_GLOBAL_ACCENT_COLOR_NAME = AccentColor;
				CODE_SIGN_IDENTITY = "iPhone Developer";
				DEVELOPMENT_ASSET_PATHS = "\"UginsVault/Preview Content\"";
				ENABLE_PREVIEWS = YES;
				GENERATE_INFOPLIST_FILE = YES;
				INFOPLIST_KEY_NSFaceIDUsageDescription = "Unlock your vault with Face ID.";
				INFOPLIST_KEY_UIApplicationSceneManifest_Generation = YES;
				INFOPLIST_KEY_UIApplicationSupportsIndirectInputEvents = YES;
				INFOPLIST_KEY_UILaunchScreen_Generation = YES;
				INFOPLIST_KEY_UISupportedInterfaceOrientations_iPad = "UIInterfaceOrientationPortrait UIInterfaceOrientationPortraitUpsideDown UIInterfaceOrientationLandscapeLeft UIInterfaceOrientationLandscapeRight";
				INFOPLIST_KEY_UISupportedInterfaceOrientations_iPhone = "UIInterfaceOrientationPortrait UIInterfaceOrientationLandscapeLeft UIInterfaceOrientationLandscapeRight";
				LD_RUNPATH_SEARCH_PATHS = (
					"$(inherited)",
					"@executable_path/Frameworks",
				);
				PRODUCT_BUNDLE_IDENTIFIER = com.matiasmaddonni.uginsvault;
				SDKROOT = iphoneos;
				SUPPORTED_PLATFORMS = "iphonesimulator iphoneos";
				SUPPORTS_MACCATALYST = NO;
				TARGETED_DEVICE_FAMILY = "1,2";
			};
			name = Debug;
		};
		91CE63B9F4F93DBA0738AAF2 /* Debug */ = {
			isa = XCBuildConfiguration;
			buildSettings = {
				ALWAYS_SEARCH_USER_PATHS = NO;
				CLANG_ANALYZER_NONNULL = YES;
				CLANG_ANALYZER_NUMBER_OBJECT_CONVERSION = YES_AGGRESSIVE;
				CLANG_CXX_LANGUAGE_STANDARD = "gnu++14";
				CLANG_CXX_LIBRARY = "libc++";
				CLANG_ENABLE_MODULES = YES;
				CLANG_ENABLE_OBJC_ARC = YES;
				CLANG_ENABLE_OBJC_WEAK = YES;
				CLANG_WARN_BLOCK_CAPTURE_AUTORELEASING = YES;
				CLANG_WARN_BOOL_CONVERSION = YES;
				CLANG_WARN_COMMA = YES;
				CLANG_WARN_CONSTANT_CONVERSION = YES;
				CLANG_WARN_DEPRECATED_OBJC_IMPLEMENTATIONS = YES;
				CLANG_WARN_DIRECT_OBJC_ISA_USAGE = YES_ERROR;
				CLANG_WARN_DOCUMENTATION_COMMENTS = YES;
				CLANG_WARN_EMPTY_BODY = YES;
				CLANG_WARN_ENUM_CONVERSION = YES;
				CLANG_WARN_INFINITE_RECURSION = YES;
				CLANG_WARN_INT_CONVERSION = YES;
				CLANG_WARN_NON_LITERAL_NULL_CONVERSION = YES;
				CLANG_WARN_OBJC_IMPLICIT_RETAIN_SELF = YES;
				CLANG_WARN_OBJC_LITERAL_CONVERSION = YES;
				CLANG_WARN_OBJC_ROOT_CLASS = YES_ERROR;
				CLANG_WARN_QUOTED_INCLUDE_IN_FRAMEWORK_HEADER = YES;
				CLANG_WARN_RANGE_LOOP_ANALYSIS = YES;
				CLANG_WARN_STRICT_PROTOTYPES = YES;
				CLANG_WARN_SUSPICIOUS_MOVE = YES;
				CLANG_WARN_UNGUARDED_AVAILABILITY = YES_AGGRESSIVE;
				CLANG_WARN_UNREACHABLE_CODE = YES;
				CLANG_WARN__DUPLICATE_METHOD_MATCH = YES;
				COPY_PHASE_STRIP = NO;
				CURRENT_PROJECT_VERSION = 1;
				DEBUG_INFORMATION_FORMAT = dwarf;
				ENABLE_STRICT_OBJC_MSGSEND = YES;
				ENABLE_TESTABILITY = YES;
				ENABLE_USER_SCRIPT_SANDBOXING = YES;
				GCC_C_LANGUAGE_STANDARD = gnu11;
				GCC_DYNAMIC_NO_PIC = NO;
				GCC_NO_COMMON_BLOCKS = YES;
				GCC_OPTIMIZATION_LEVEL = 0;
				GCC_PREPROCESSOR_DEFINITIONS = (
					"$(inherited)",
					"DEBUG=1",
				);
				GCC_WARN_64_TO_32_BIT_CONVERSION = YES;
				GCC_WARN_ABOUT_RETURN_TYPE = YES_ERROR;
				GCC_WARN_UNDECLARED_SELECTOR = YES;
				GCC_WARN_UNINITIALIZED_AUTOS = YES_AGGRESSIVE;
				GCC_WARN_UNUSED_FUNCTION = YES;
				GCC_WARN_UNUSED_VARIABLE = YES;
				IPHONEOS_DEPLOYMENT_TARGET = 26.0;
				MARKETING_VERSION = 0.1.0;
				MTL_ENABLE_DEBUG_INFO = INCLUDE_SOURCE;
				MTL_FAST_MATH = YES;
				ONLY_ACTIVE_ARCH = YES;
				PRODUCT_NAME = "$(TARGET_NAME)";
				SDKROOT = iphoneos;
				STRING_CATALOG_GENERATE_SYMBOLS = YES;
				SWIFT_ACTIVE_COMPILATION_CONDITIONS = DEBUG;
				SWIFT_OPTIMIZATION_LEVEL = "-Onone";
				SWIFT_VERSION = 5.0;
			};
			name = Debug;
		};
		9D27F7F575BE823CFA885437 /* Release */ = {
			isa = XCBuildConfiguration;
			buildSettings = {
				ALWAYS_SEARCH_USER_PATHS = NO;
				CLANG_ANALYZER_NONNULL = YES;
				CLANG_ANALYZER_NUMBER_OBJECT_CONVERSION = YES_AGGRESSIVE;
				CLANG_CXX_LANGUAGE_STANDARD = "gnu++14";
				CLANG_CXX_LIBRARY = "libc++";
				CLANG_ENABLE_MODULES = YES;
				CLANG_ENABLE_OBJC_ARC = YES;
				CLANG_ENABLE_OBJC_WEAK = YES;
				CLANG_WARN_BLOCK_CAPTURE_AUTORELEASING = YES;
				CLANG_WARN_BOOL_CONVERSION = YES;
				CLANG_WARN_COMMA = YES;
				CLANG_WARN_CONSTANT_CONVERSION = YES;
				CLANG_WARN_DEPRECATED_OBJC_IMPLEMENTATIONS = YES;
				CLANG_WARN_DIRECT_OBJC_ISA_USAGE = YES_ERROR;
				CLANG_WARN_DOCUMENTATION_COMMENTS = YES;
				CLANG_WARN_EMPTY_BODY = YES;
				CLANG_WARN_ENUM_CONVERSION = YES;
				CLANG_WARN_INFINITE_RECURSION = YES;
				CLANG_WARN_INT_CONVERSION = YES;
				CLANG_WARN_NON_LITERAL_NULL_CONVERSION = YES;
				CLANG_WARN_OBJC_IMPLICIT_RETAIN_SELF = YES;
				CLANG_WARN_OBJC_LITERAL_CONVERSION = YES;
				CLANG_WARN_OBJC_ROOT_CLASS = YES_ERROR;
				CLANG_WARN_QUOTED_INCLUDE_IN_FRAMEWORK_HEADER = YES;
				CLANG_WARN_RANGE_LOOP_ANALYSIS = YES;
				CLANG_WARN_STRICT_PROTOTYPES = YES;
				CLANG_WARN_SUSPICIOUS_MOVE = YES;
				CLANG_WARN_UNGUARDED_AVAILABILITY = YES_AGGRESSIVE;
				CLANG_WARN_UNREACHABLE_CODE = YES;
				CLANG_WARN__DUPLICATE_METHOD_MATCH = YES;
				COPY_PHASE_STRIP = NO;
				CURRENT_PROJECT_VERSION = 1;
				DEBUG_INFORMATION_FORMAT = "dwarf-with-dsym";
				ENABLE_NS_ASSERTIONS = NO;
				ENABLE_STRICT_OBJC_MSGSEND = YES;
				ENABLE_USER_SCRIPT_SANDBOXING = YES;
				GCC_C_LANGUAGE_STANDARD = gnu11;
				GCC_NO_COMMON_BLOCKS = YES;
				GCC_WARN_64_TO_32_BIT_CONVERSION = YES;
				GCC_WARN_ABOUT_RETURN_TYPE = YES_ERROR;
				GCC_WARN_UNDECLARED_SELECTOR = YES;
				GCC_WARN_UNINITIALIZED_AUTOS = YES_AGGRESSIVE;
				GCC_WARN_UNUSED_FUNCTION = YES;
				GCC_WARN_UNUSED_VARIABLE = YES;
				IPHONEOS_DEPLOYMENT_TARGET = 26.0;
				MARKETING_VERSION = 0.1.0;
				MTL_ENABLE_DEBUG_INFO = NO;
				MTL_FAST_MATH = YES;
				PRODUCT_NAME = "$(TARGET_NAME)";
				SDKROOT = iphoneos;
				STRING_CATALOG_GENERATE_SYMBOLS = YES;
				SWIFT_COMPILATION_MODE = wholemodule;
				SWIFT_OPTIMIZATION_LEVEL = "-O";
				SWIFT_VERSION = 5.0;
			};
			name = Release;
		};
		A77EB03C2BAB4D786F9B1470 /* Debug */ = {
			isa = XCBuildConfiguration;
			buildSettings = {
				BUNDLE_LOADER = "$(TEST_HOST)";
				GENERATE_INFOPLIST_FILE = YES;
				LD_RUNPATH_SEARCH_PATHS = (
					"$(inherited)",
					"@executable_path/Frameworks",
					"@loader_path/Frameworks",
				);
				PRODUCT_BUNDLE_IDENTIFIER = com.matiasmaddonni.uginsvault.tests;
				SDKROOT = iphoneos;
				TARGETED_DEVICE_FAMILY = "1,2";
				TEST_HOST = "$(BUILT_PRODUCTS_DIR)/UginsVault.app/$(BUNDLE_EXECUTABLE_FOLDER_PATH)/UginsVault";
			};
			name = Debug;
		};
		E8CEF83E4F5AE4F78072652B /* Release */ = {
			isa = XCBuildConfiguration;
			buildSettings = {
				BUNDLE_LOADER = "$(TEST_HOST)";
				GENERATE_INFOPLIST_FILE = YES;
				LD_RUNPATH_SEARCH_PATHS = (
					"$(inherited)",
					"@executable_path/Frameworks",
					"@loader_path/Frameworks",
				);
				PRODUCT_BUNDLE_IDENTIFIER = com.matiasmaddonni.uginsvault.tests;
				SDKROOT = iphoneos;
				TARGETED_DEVICE_FAMILY = "1,2";
				TEST_HOST = "$(BUILT_PRODUCTS_DIR)/UginsVault.app/$(BUNDLE_EXECUTABLE_FOLDER_PATH)/UginsVault";
			};
			name = Release;
		};
/* End XCBuildConfiguration section */

/* Begin XCConfigurationList section */
		BCB564FC520E603F3748E1A8 /* Build configuration list for PBXNativeTarget "UginsVault" */ = {
			isa = XCConfigurationList;
			buildConfigurations = (
				8119B9999CDC343DC400DC8D /* Debug */,
				3428C7D16F284A513664A3B4 /* Release */,
			);
			defaultConfigurationIsVisible = 0;
			defaultConfigurationName = Debug;
		};
		BF2A53EAC22CC48F661D2ED1 /* Build configuration list for PBXNativeTarget "UginsVaultTests" */ = {
			isa = XCConfigurationList;
			buildConfigurations = (
				A77EB03C2BAB4D786F9B1470 /* Debug */,
				E8CEF83E4F5AE4F78072652B /* Release */,
			);
			defaultConfigurationIsVisible = 0;
			defaultConfigurationName = Debug;
		};
		CD9CF7814AD5ECC49AA46A29 /* Build configuration list for PBXProject "UginsVault" */ = {
			isa = XCConfigurationList;
			buildConfigurations = (
				91CE63B9F4F93DBA0738AAF2 /* Debug */,
				9D27F7F575BE823CFA885437 /* Release */,
			);
			defaultConfigurationIsVisible = 0;
			defaultConfigurationName = Debug;
		};
/* End XCConfigurationList section */
	};
	rootObject = C1F05409326D849BD7ADF9BB /* Project object */;
}
